
Microsoft Visual Studio Solution File, Format Version 12.00
# Visual Studio Version 16
VisualStudioVersion = 16.0.29613.14
MinimumVisualStudioVersion = 10.0.40219.1
Project("{FAE04EC0-301F-11D3-BF4B-00C04F79EFBC}") = "APIProducts", "APIProducts\APIProducts.csproj", "{7C34BC0F-EADD-4C00-B5E5-FD00CB87ACA9}"
EndProject
Global
	GlobalSection(SolutionConfigurationPlatforms) = preSolution
		Debug|Any CPU = Debug|Any CPU
		Release|Any CPU = Release|Any CPU
	EndGlobalSection
	GlobalSection(ProjectConfigurationPlatforms) = postSolution
		{7C34BC0F-EADD-4C00-B5E5-FD00CB87ACA9}.Debug|Any CPU.ActiveCfg = Debug|Any CPU
		{7C34BC0F-EADD-4C00-B5E5-FD00CB87ACA9}.Debug|Any CPU.Build.0 = Debug|Any CPU
		{7C34BC0F-EADD-4C00-B5E5-FD00CB87ACA9}.Release|Any CPU.ActiveCfg = Release|Any CPU
		{7C34BC0F-EADD-4C00-B5E5-FD00CB87ACA9}.Release|Any CPU.Build.0 = Release|Any CPU
	EndGlobalSection
	GlobalSection(SolutionProperties) = preSolution
		HideSolutionNode = FALSE
	EndGlobalSection
	GlobalSection(ExtensibilityGlobals) = postSolution
		SolutionGuid = {D10F8940-2D75-4EAF-8781-3FA1FF4DC826}
	EndGlobalSection
EndGlobal
